
Microsoft Visual Studio Solution File, Format Version 12.00
# Visual Studio 15
VisualStudioVersion = 15.0.28307.902
MinimumVisualStudioVersion = 10.0.40219.1
Project("{FAE04EC0-301F-11D3-BF4B-00C04F79EFBC}") = "PLCPi", "PLCPi\PLCPi.csproj", "{15DD2F14-1735-4D96-BA90-B57E90BEB545}"
EndProject
Project("{FAE04EC0-301F-11D3-BF4B-00C04F79EFBC}") = "Console_PLCPi_App", "Console PLCPi App\Console_PLCPi_App.csproj", "{968C0B98-F1D7-45B7-B4DE-5E43AC1062F6}"
EndProject
Project("{FAE04EC0-301F-11D3-BF4B-00C04F79EFBC}") = "Winform_HMI_PLCPi_App", "Winform HMI PLCPi App\Winform_HMI_PLCPi_App.csproj", "{B9130D4D-B77E-46D6-9744-9C99BFFDFFC1}"
EndProject
Project("{FAE04EC0-301F-11D3-BF4B-00C04F79EFBC}") = "Webform_HMI_PLCPi_App", "Webform HMI PLCPi App\Webform_HMI_PLCPi_App.csproj", "{352610AA-6578-4F13-A942-27321A68E8D9}"
EndProject
Project("{FAE04EC0-301F-11D3-BF4B-00C04F79EFBC}") = "Test", "Test\Test.csproj", "{6169658E-25E3-4D43-976B-A83C3665A919}"
EndProject
Global
	GlobalSection(SolutionConfigurationPlatforms) = preSolution
		Debug|Any CPU = Debug|Any CPU
		Release|Any CPU = Release|Any CPU
	EndGlobalSection
	GlobalSection(ProjectConfigurationPlatforms) = postSolution
		{15DD2F14-1735-4D96-BA90-B57E90BEB545}.Debug|Any CPU.ActiveCfg = Debug|Any CPU
		{15DD2F14-1735-4D96-BA90-B57E90BEB545}.Debug|Any CPU.Build.0 = Debug|Any CPU
		{15DD2F14-1735-4D96-BA90-B57E90BEB545}.Release|Any CPU.ActiveCfg = Release|Any CPU
		{15DD2F14-1735-4D96-BA90-B57E90BEB545}.Release|Any CPU.Build.0 = Release|Any CPU
		{968C0B98-F1D7-45B7-B4DE-5E43AC1062F6}.Debug|Any CPU.ActiveCfg = Debug|Any CPU
		{968C0B98-F1D7-45B7-B4DE-5E43AC1062F6}.Debug|Any CPU.Build.0 = Debug|Any CPU
		{968C0B98-F1D7-45B7-B4DE-5E43AC1062F6}.Release|Any CPU.ActiveCfg = Release|Any CPU
		{968C0B98-F1D7-45B7-B4DE-5E43AC1062F6}.Release|Any CPU.Build.0 = Release|Any CPU
		{B9130D4D-B77E-46D6-9744-9C99BFFDFFC1}.Debug|Any CPU.ActiveCfg = Debug|Any CPU
		{B9130D4D-B77E-46D6-9744-9C99BFFDFFC1}.Debug|Any CPU.Build.0 = Debug|Any CPU
		{B9130D4D-B77E-46D6-9744-9C99BFFDFFC1}.Release|Any CPU.ActiveCfg = Release|Any CPU
		{B9130D4D-B77E-46D6-9744-9C99BFFDFFC1}.Release|Any CPU.Build.0 = Release|Any CPU
		{352610AA-6578-4F13-A942-27321A68E8D9}.Debug|Any CPU.ActiveCfg = Debug|Any CPU
		{352610AA-6578-4F13-A942-27321A68E8D9}.Debug|Any CPU.Build.0 = Debug|Any CPU
		{352610AA-6578-4F13-A942-27321A68E8D9}.Release|Any CPU.ActiveCfg = Release|Any CPU
		{352610AA-6578-4F13-A942-27321A68E8D9}.Release|Any CPU.Build.0 = Release|Any CPU
		{6169658E-25E3-4D43-976B-A83C3665A919}.Debug|Any CPU.ActiveCfg = Debug|Any CPU
		{6169658E-25E3-4D43-976B-A83C3665A919}.Debug|Any CPU.Build.0 = Debug|Any CPU
		{6169658E-25E3-4D43-976B-A83C3665A919}.Release|Any CPU.ActiveCfg = Release|Any CPU
		{6169658E-25E3-4D43-976B-A83C3665A919}.Release|Any CPU.Build.0 = Release|Any CPU
	EndGlobalSection
	GlobalSection(SolutionProperties) = preSolution
		HideSolutionNode = FALSE
	EndGlobalSection
	GlobalSection(ExtensibilityGlobals) = postSolution
		SolutionGuid = {B48F543A-2573-4E8B-AA44-F0D4DBEE18B1}
	EndGlobalSection
EndGlobal
